
Microsoft Visual Studio Solution File, Format Version 12.00
# Visual Studio Version 17
VisualStudioVersion = 17.13.35818.85 d17.13
MinimumVisualStudioVersion = 10.0.40219.1
Project("{FAE04EC0-301F-11D3-BF4B-00C04F79EFBC}") = "TiendaParcial1.1", "TiendaParcial1.1.csproj", "{8BD32E3B-CDA8-4645-B304-B4CB9A65DAA7}"
EndProject
Global
	GlobalSection(SolutionConfigurationPlatforms) = preSolution
		Debug|Any CPU = Debug|Any CPU
		Release|Any CPU = Release|Any CPU
	EndGlobalSection
	GlobalSection(ProjectConfigurationPlatforms) = postSolution
		{8BD32E3B-CDA8-4645-B304-B4CB9A65DAA7}.Debug|Any CPU.ActiveCfg = Debug|Any CPU
		{8BD32E3B-CDA8-4645-B304-B4CB9A65DAA7}.Debug|Any CPU.Build.0 = Debug|Any CPU
		{8BD32E3B-CDA8-4645-B304-B4CB9A65DAA7}.Release|Any CPU.ActiveCfg = Release|Any CPU
		{8BD32E3B-CDA8-4645-B304-B4CB9A65DAA7}.Release|Any CPU.Build.0 = Release|Any CPU
	EndGlobalSection
	GlobalSection(SolutionProperties) = preSolution
		HideSolutionNode = FALSE
	EndGlobalSection
	GlobalSection(ExtensibilityGlobals) = postSolution
		SolutionGuid = {3B24700E-17A6-4CC6-AFCC-1192C90B038A}
	EndGlobalSection
EndGlobal
